
Microsoft Visual Studio Solution File, Format Version 12.00
# Visual Studio Version 17
VisualStudioVersion = 17.0.31903.59
MinimumVisualStudioVersion = 10.0.40219.1
Project("{FAE04EC0-301F-11D3-BF4B-00C04F79EFBC}") = "chat-client", "chat-client\chat-client.csproj", "{48DC1413-A631-4D90-B57D-8562CE98D620}"
EndProject
Project("{FAE04EC0-301F-11D3-BF4B-00C04F79EFBC}") = "chat-server", "chat-server\chat-server.csproj", "{13080CFA-C692-4B24-A8E7-C08957B7F429}"
EndProject
Project("{FAE04EC0-301F-11D3-BF4B-00C04F79EFBC}") = "chat-log", "chat-log\chat-log.csproj", "{439D53A5-42A6-4BAF-9ED5-890BACFF1DB0}"
EndProject
Global
	GlobalSection(SolutionConfigurationPlatforms) = preSolution
		Debug|Any CPU = Debug|Any CPU
		Release|Any CPU = Release|Any CPU
	EndGlobalSection
	GlobalSection(ProjectConfigurationPlatforms) = postSolution
		{48DC1413-A631-4D90-B57D-8562CE98D620}.Debug|Any CPU.ActiveCfg = Debug|Any CPU
		{48DC1413-A631-4D90-B57D-8562CE98D620}.Debug|Any CPU.Build.0 = Debug|Any CPU
		{48DC1413-A631-4D90-B57D-8562CE98D620}.Release|Any CPU.ActiveCfg = Release|Any CPU
		{48DC1413-A631-4D90-B57D-8562CE98D620}.Release|Any CPU.Build.0 = Release|Any CPU
		{13080CFA-C692-4B24-A8E7-C08957B7F429}.Debug|Any CPU.ActiveCfg = Debug|Any CPU
		{13080CFA-C692-4B24-A8E7-C08957B7F429}.Debug|Any CPU.Build.0 = Debug|Any CPU
		{13080CFA-C692-4B24-A8E7-C08957B7F429}.Release|Any CPU.ActiveCfg = Release|Any CPU
		{13080CFA-C692-4B24-A8E7-C08957B7F429}.Release|Any CPU.Build.0 = Release|Any CPU
		{439D53A5-42A6-4BAF-9ED5-890BACFF1DB0}.Debug|Any CPU.ActiveCfg = Debug|Any CPU
		{439D53A5-42A6-4BAF-9ED5-890BACFF1DB0}.Debug|Any CPU.Build.0 = Debug|Any CPU
		{439D53A5-42A6-4BAF-9ED5-890BACFF1DB0}.Release|Any CPU.ActiveCfg = Release|Any CPU
		{439D53A5-42A6-4BAF-9ED5-890BACFF1DB0}.Release|Any CPU.Build.0 = Release|Any CPU
	EndGlobalSection
	GlobalSection(SolutionProperties) = preSolution
		HideSolutionNode = FALSE
	EndGlobalSection
	GlobalSection(ExtensibilityGlobals) = postSolution
		SolutionGuid = {1117C001-2A9B-4741-8D79-25750C2C7FAA}
	EndGlobalSection
EndGlobal
